
Microsoft Visual Studio Solution File, Format Version 12.00
# Visual Studio Version 17
VisualStudioVersion = 17.10.35013.160
MinimumVisualStudioVersion = 10.0.40219.1
Project("{FAE04EC0-301F-11D3-BF4B-00C04F79EFBC}") = "SKPToCutlist", "SKPToCutlist\SKPToCutlist.csproj", "{CF03C98A-6FD6-4FEB-8653-62D36BFC2CCB}"
EndProject
Project("{FAE04EC0-301F-11D3-BF4B-00C04F79EFBC}") = "SKPToCutlist.Common", "SKPToCutlist.Common\SKPToCutlist.Common.csproj", "{7A7F8C9B-7400-4ADE-8640-D055DBBE0241}"
EndProject
Project("{FAE04EC0-301F-11D3-BF4B-00C04F79EFBC}") = "SKPToCutlist.Tests", "SKPToCutlist.Tests\SKPToCutlist.Tests.csproj", "{0515DCFF-9104-4C43-B54C-359097E4472B}"
EndProject
Global
	GlobalSection(SolutionConfigurationPlatforms) = preSolution
		Debug|Any CPU = Debug|Any CPU
		Release|Any CPU = Release|Any CPU
	EndGlobalSection
	GlobalSection(ProjectConfigurationPlatforms) = postSolution
		{CF03C98A-6FD6-4FEB-8653-62D36BFC2CCB}.Debug|Any CPU.ActiveCfg = Debug|Any CPU
		{CF03C98A-6FD6-4FEB-8653-62D36BFC2CCB}.Debug|Any CPU.Build.0 = Debug|Any CPU
		{CF03C98A-6FD6-4FEB-8653-62D36BFC2CCB}.Release|Any CPU.ActiveCfg = Release|Any CPU
		{CF03C98A-6FD6-4FEB-8653-62D36BFC2CCB}.Release|Any CPU.Build.0 = Release|Any CPU
		{7A7F8C9B-7400-4ADE-8640-D055DBBE0241}.Debug|Any CPU.ActiveCfg = Debug|Any CPU
		{7A7F8C9B-7400-4ADE-8640-D055DBBE0241}.Debug|Any CPU.Build.0 = Debug|Any CPU
		{7A7F8C9B-7400-4ADE-8640-D055DBBE0241}.Release|Any CPU.ActiveCfg = Release|Any CPU
		{7A7F8C9B-7400-4ADE-8640-D055DBBE0241}.Release|Any CPU.Build.0 = Release|Any CPU
		{0515DCFF-9104-4C43-B54C-359097E4472B}.Debug|Any CPU.ActiveCfg = Debug|Any CPU
		{0515DCFF-9104-4C43-B54C-359097E4472B}.Debug|Any CPU.Build.0 = Debug|Any CPU
		{0515DCFF-9104-4C43-B54C-359097E4472B}.Release|Any CPU.ActiveCfg = Release|Any CPU
		{0515DCFF-9104-4C43-B54C-359097E4472B}.Release|Any CPU.Build.0 = Release|Any CPU
	EndGlobalSection
	GlobalSection(SolutionProperties) = preSolution
		HideSolutionNode = FALSE
	EndGlobalSection
	GlobalSection(ExtensibilityGlobals) = postSolution
		SolutionGuid = {23279930-2C8B-411F-8147-5B4DA7B4710F}
	EndGlobalSection
EndGlobal
